// !$*UTF8*$!
{
	archiveVersion = 1;
	classes = {
	};
	objectVersion = 46;
	objects = {

/* Begin PBXBuildFile section */
		C4E498B91E3FB1C300E567C6 /* AppDelegate.swift in Sources */ = {isa = PBXBuildFile; fileRef = C4E498B81E3FB1C300E567C6 /* AppDelegate.swift */; };
		C4E498C01E3FB1C300E567C6 /* Assets.xcassets in Resources */ = {isa = PBXBuildFile; fileRef = C4E498BF1E3FB1C300E567C6 /* Assets.xcassets */; };
		C4E498C31E3FB1C300E567C6 /* LaunchScreen.storyboard in Resources */ = {isa = PBXBuildFile; fileRef = C4E498C11E3FB1C300E567C6 /* LaunchScreen.storyboard */; };
		C4E498CE1E3FB1C300E567C6 /* ChallengeTests.swift in Sources */ = {isa = PBXBuildFile; fileRef = C4E498CD1E3FB1C300E567C6 /* ChallengeTests.swift */; };
		C4E498D91E3FB1C300E567C6 /* ChallengeUITests.swift in Sources */ = {isa = PBXBuildFile; fileRef = C4E498D81E3FB1C300E567C6 /* ChallengeUITests.swift */; };
		C4E498F81E3FB72700E567C6 /* ListView.swift in Sources */ = {isa = PBXBuildFile; fileRef = C4E498F61E3FB72700E567C6 /* ListView.swift */; };
		C4E498F91E3FB72700E567C6 /* PlaceViewModel.swift in Sources */ = {isa = PBXBuildFile; fileRef = C4E498F71E3FB72700E567C6 /* PlaceViewModel.swift */; };
		C4E498FC1E3FB73100E567C6 /* Place.swift in Sources */ = {isa = PBXBuildFile; fileRef = C4E498FA1E3FB73100E567C6 /* Place.swift */; };
		C4E498FD1E3FB73100E567C6 /* PlaceService.swift in Sources */ = {isa = PBXBuildFile; fileRef = C4E498FB1E3FB73100E567C6 /* PlaceService.swift */; };
		C4E498FF1E3FB75400E567C6 /* ListController.swift in Sources */ = {isa = PBXBuildFile; fileRef = C4E498FE1E3FB75400E567C6 /* ListController.swift */; };
		C4E499031E3FB89000E567C6 /* PlaceCell.swift in Sources */ = {isa = PBXBuildFile; fileRef = C4E499011E3FB89000E567C6 /* PlaceCell.swift */; };
		C4E499041E3FB89000E567C6 /* PlaceCell.xib in Resources */ = {isa = PBXBuildFile; fileRef = C4E499021E3FB89000E567C6 /* PlaceCell.xib */; };
		C4E499071E3FB94700E567C6 /* FakePlaceService.swift in Sources */ = {isa = PBXBuildFile; fileRef = C4E499061E3FB94700E567C6 /* FakePlaceService.swift */; };
		C4E499091E3FBA4200E567C6 /* Result.swift in Sources */ = {isa = PBXBuildFile; fileRef = C4E499081E3FBA4200E567C6 /* Result.swift */; };
		C4E4990B1E3FBB1100E567C6 /* ListController.xib in Resources */ = {isa = PBXBuildFile; fileRef = C4E4990A1E3FBB1100E567C6 /* ListController.xib */; };
		C4E4990D1E3FBD7600E567C6 /* ListPresenter.swift in Sources */ = {isa = PBXBuildFile; fileRef = C4E4990C1E3FBD7600E567C6 /* ListPresenter.swift */; };
		C4E4990F1E3FC56200E567C6 /* ListRouter.swift in Sources */ = {isa = PBXBuildFile; fileRef = C4E4990E1E3FC56200E567C6 /* ListRouter.swift */; };
/* End PBXBuildFile section */

/* Begin PBXContainerItemProxy section */
		C4E498CA1E3FB1C300E567C6 /* PBXContainerItemProxy */ = {
			isa = PBXContainerItemProxy;
			containerPortal = C4E498AD1E3FB1C300E567C6 /* Project object */;
			proxyType = 1;
			remoteGlobalIDString = C4E498B41E3FB1C300E567C6;
			remoteInfo = Challenge;
		};
		C4E498D51E3FB1C300E567C6 /* PBXContainerItemProxy */ = {
			isa = PBXContainerItemProxy;
			containerPortal = C4E498AD1E3FB1C300E567C6 /* Project object */;
			proxyType = 1;
			remoteGlobalIDString = C4E498B41E3FB1C300E567C6;
			remoteInfo = Challenge;
		};
/* End PBXContainerItemProxy section */

/* Begin PBXFileReference section */
		C4E498B51E3FB1C300E567C6 /* Challenge.app */ = {isa = PBXFileReference; explicitFileType = wrapper.application; includeInIndex = 0; path = Challenge.app; sourceTree = BUILT_PRODUCTS_DIR; };
		C4E498B81E3FB1C300E567C6 /* AppDelegate.swift */ = {isa = PBXFileReference; lastKnownFileType = sourcecode.swift; path = AppDelegate.swift; sourceTree = "<group>"; };
		C4E498BF1E3FB1C300E567C6 /* Assets.xcassets */ = {isa = PBXFileReference; lastKnownFileType = folder.assetcatalog; path = Assets.xcassets; sourceTree = "<group>"; };
		C4E498C21E3FB1C300E567C6 /* Base */ = {isa = PBXFileReference; lastKnownFileType = file.storyboard; name = Base; path = Base.lproj/LaunchScreen.storyboard; sourceTree = "<group>"; };
		C4E498C41E3FB1C300E567C6 /* Info.plist */ = {isa = PBXFileReference; lastKnownFileType = text.plist.xml; path = Info.plist; sourceTree = "<group>"; };
		C4E498C91E3FB1C300E567C6 /* ChallengeTests.xctest */ = {isa = PBXFileReference; explicitFileType = wrapper.cfbundle; includeInIndex = 0; path = ChallengeTests.xctest; sourceTree = BUILT_PRODUCTS_DIR; };
		C4E498CD1E3FB1C300E567C6 /* ChallengeTests.swift */ = {isa = PBXFileReference; lastKnownFileType = sourcecode.swift; path = ChallengeTests.swift; sourceTree = "<group>"; };
		C4E498CF1E3FB1C300E567C6 /* Info.plist */ = {isa = PBXFileReference; lastKnownFileType = text.plist.xml; path = Info.plist; sourceTree = "<group>"; };
		C4E498D41E3FB1C300E567C6 /* ChallengeUITests.xctest */ = {isa = PBXFileReference; explicitFileType = wrapper.cfbundle; includeInIndex = 0; path = ChallengeUITests.xctest; sourceTree = BUILT_PRODUCTS_DIR; };
		C4E498D81E3FB1C300E567C6 /* ChallengeUITests.swift */ = {isa = PBXFileReference; lastKnownFileType = sourcecode.swift; path = ChallengeUITests.swift; sourceTree = "<group>"; };
		C4E498DA1E3FB1C300E567C6 /* Info.plist */ = {isa = PBXFileReference; lastKnownFileType = text.plist.xml; path = Info.plist; sourceTree = "<group>"; };
		C4E498F61E3FB72700E567C6 /* ListView.swift */ = {isa = PBXFileReference; fileEncoding = 4; lastKnownFileType = sourcecode.swift; name = ListView.swift; path = Screens/List/ListView.swift; sourceTree = "<group>"; };
		C4E498F71E3FB72700E567C6 /* PlaceViewModel.swift */ = {isa = PBXFileReference; fileEncoding = 4; lastKnownFileType = sourcecode.swift; name = PlaceViewModel.swift; path = Screens/List/PlaceViewModel.swift; sourceTree = "<group>"; };
		C4E498FA1E3FB73100E567C6 /* Place.swift */ = {isa = PBXFileReference; fileEncoding = 4; lastKnownFileType = sourcecode.swift; name = Place.swift; path = Domain/Place.swift; sourceTree = "<group>"; };
		C4E498FB1E3FB73100E567C6 /* PlaceService.swift */ = {isa = PBXFileReference; fileEncoding = 4; lastKnownFileType = sourcecode.swift; name = PlaceService.swift; path = Domain/PlaceService.swift; sourceTree = "<group>"; };
		C4E498FE1E3FB75400E567C6 /* ListController.swift */ = {isa = PBXFileReference; fileEncoding = 4; lastKnownFileType = sourcecode.swift; name = ListController.swift; path = Screens/List/ListController.swift; sourceTree = "<group>"; };
		C4E499011E3FB89000E567C6 /* PlaceCell.swift */ = {isa = PBXFileReference; fileEncoding = 4; lastKnownFileType = sourcecode.swift; name = PlaceCell.swift; path = Screens/List/PlaceCell.swift; sourceTree = "<group>"; };
		C4E499021E3FB89000E567C6 /* PlaceCell.xib */ = {isa = PBXFileReference; fileEncoding = 4; lastKnownFileType = file.xib; name = PlaceCell.xib; path = Screens/List/PlaceCell.xib; sourceTree = "<group>"; };
		C4E499061E3FB94700E567C6 /* FakePlaceService.swift */ = {isa = PBXFileReference; fileEncoding = 4; lastKnownFileType = sourcecode.swift; name = FakePlaceService.swift; path = Fake/FakePlaceService.swift; sourceTree = "<group>"; };
		C4E499081E3FBA4200E567C6 /* Result.swift */ = {isa = PBXFileReference; fileEncoding = 4; lastKnownFileType = sourcecode.swift; name = Result.swift; path = Domain/Result.swift; sourceTree = "<group>"; };
		C4E4990A1E3FBB1100E567C6 /* ListController.xib */ = {isa = PBXFileReference; fileEncoding = 4; lastKnownFileType = file.xib; name = ListController.xib; path = Screens/List/ListController.xib; sourceTree = "<group>"; };
		C4E4990C1E3FBD7600E567C6 /* ListPresenter.swift */ = {isa = PBXFileReference; fileEncoding = 4; lastKnownFileType = sourcecode.swift; name = ListPresenter.swift; path = Screens/List/ListPresenter.swift; sourceTree = "<group>"; };
		C4E4990E1E3FC56200E567C6 /* ListRouter.swift */ = {isa = PBXFileReference; fileEncoding = 4; lastKnownFileType = sourcecode.swift; path = ListRouter.swift; sourceTree = "<group>"; };
/* End PBXFileReference section */

/* Begin PBXFrameworksBuildPhase section */
		C4E498B21E3FB1C300E567C6 /* Frameworks */ = {
			isa = PBXFrameworksBuildPhase;
			buildActionMask = 2147483647;
			files = (
			);
			runOnlyForDeploymentPostprocessing = 0;
		};
		C4E498C61E3FB1C300E567C6 /* Frameworks */ = {
			isa = PBXFrameworksBuildPhase;
			buildActionMask = 2147483647;
			files = (
			);
			runOnlyForDeploymentPostprocessing = 0;
		};
		C4E498D11E3FB1C300E567C6 /* Frameworks */ = {
			isa = PBXFrameworksBuildPhase;
			buildActionMask = 2147483647;
			files = (
			);
			runOnlyForDeploymentPostprocessing = 0;
		};
/* End PBXFrameworksBuildPhase section */

/* Begin PBXGroup section */
		C4E498AC1E3FB1C300E567C6 = {
			isa = PBXGroup;
			children = (
				C4E498B71E3FB1C300E567C6 /* Challenge */,
				C4E498CC1E3FB1C300E567C6 /* ChallengeTests */,
				C4E498D71E3FB1C300E567C6 /* ChallengeUITests */,
				C4E498B61E3FB1C300E567C6 /* Products */,
			);
			sourceTree = "<group>";
		};
		C4E498B61E3FB1C300E567C6 /* Products */ = {
			isa = PBXGroup;
			children = (
				C4E498B51E3FB1C300E567C6 /* Challenge.app */,
				C4E498C91E3FB1C300E567C6 /* ChallengeTests.xctest */,
				C4E498D41E3FB1C300E567C6 /* ChallengeUITests.xctest */,
			);
			name = Products;
			sourceTree = "<group>";
		};
		C4E498B71E3FB1C300E567C6 /* Challenge */ = {
			isa = PBXGroup;
			children = (
				C4E499051E3FB92500E567C6 /* Fake */,
				C4E498F01E3FB4FD00E567C6 /* Screens */,
				C4E498E91E3FB38A00E567C6 /* Domain */,
				C4E498B81E3FB1C300E567C6 /* AppDelegate.swift */,
				C4E498BF1E3FB1C300E567C6 /* Assets.xcassets */,
				C4E498C11E3FB1C300E567C6 /* LaunchScreen.storyboard */,
				C4E498C41E3FB1C300E567C6 /* Info.plist */,
			);
			path = Challenge;
			sourceTree = "<group>";
		};
		C4E498CC1E3FB1C300E567C6 /* ChallengeTests */ = {
			isa = PBXGroup;
			children = (
				C4E498CD1E3FB1C300E567C6 /* ChallengeTests.swift */,
				C4E498CF1E3FB1C300E567C6 /* Info.plist */,
			);
			path = ChallengeTests;
			sourceTree = "<group>";
		};
		C4E498D71E3FB1C300E567C6 /* ChallengeUITests */ = {
			isa = PBXGroup;
			children = (
				C4E498D81E3FB1C300E567C6 /* ChallengeUITests.swift */,
				C4E498DA1E3FB1C300E567C6 /* Info.plist */,
			);
			path = ChallengeUITests;
			sourceTree = "<group>";
		};
		C4E498E91E3FB38A00E567C6 /* Domain */ = {
			isa = PBXGroup;
			children = (
				C4E498FA1E3FB73100E567C6 /* Place.swift */,
				C4E498FB1E3FB73100E567C6 /* PlaceService.swift */,
				C4E499081E3FBA4200E567C6 /* Result.swift */,
			);
			name = Domain;
			sourceTree = "<group>";
		};
		C4E498F01E3FB4FD00E567C6 /* Screens */ = {
			isa = PBXGroup;
			children = (
				C4E498F11E3FB51D00E567C6 /* List */,
			);
			name = Screens;
			sourceTree = "<group>";
		};
		C4E498F11E3FB51D00E567C6 /* List */ = {
			isa = PBXGroup;
			children = (
				C4E498F61E3FB72700E567C6 /* ListView.swift */,
				C4E498F71E3FB72700E567C6 /* PlaceViewModel.swift */,
				C4E498FE1E3FB75400E567C6 /* ListController.swift */,
				C4E4990A1E3FBB1100E567C6 /* ListController.xib */,
				C4E499011E3FB89000E567C6 /* PlaceCell.swift */,
				C4E499021E3FB89000E567C6 /* PlaceCell.xib */,
				C4E4990C1E3FBD7600E567C6 /* ListPresenter.swift */,
				C4E4990E1E3FC56200E567C6 /* ListRouter.swift */,
			);
			name = List;
			sourceTree = "<group>";
		};
		C4E499051E3FB92500E567C6 /* Fake */ = {
			isa = PBXGroup;
			children = (
				C4E499061E3FB94700E567C6 /* FakePlaceService.swift */,
			);
			name = Fake;
			sourceTree = "<group>";
		};
/* End PBXGroup section */

/* Begin PBXNativeTarget section */
		C4E498B41E3FB1C300E567C6 /* Challenge */ = {
			isa = PBXNativeTarget;
			buildConfigurationList = C4E498DD1E3FB1C300E567C6 /* Build configuration list for PBXNativeTarget "Challenge" */;
			buildPhases = (
				C4E498B11E3FB1C300E567C6 /* Sources */,
				C4E498B21E3FB1C300E567C6 /* Frameworks */,
				C4E498B31E3FB1C300E567C6 /* Resources */,
			);
			buildRules = (
			);
			dependencies = (
			);
			name = Challenge;
			productName = Challenge;
			productReference = C4E498B51E3FB1C300E567C6 /* Challenge.app */;
			productType = "com.apple.product-type.application";
		};
		C4E498C81E3FB1C300E567C6 /* ChallengeTests */ = {
			isa = PBXNativeTarget;
			buildConfigurationList = C4E498E01E3FB1C300E567C6 /* Build configuration list for PBXNativeTarget "ChallengeTests" */;
			buildPhases = (
				C4E498C51E3FB1C300E567C6 /* Sources */,
				C4E498C61E3FB1C300E567C6 /* Frameworks */,
				C4E498C71E3FB1C300E567C6 /* Resources */,
			);
			buildRules = (
			);
			dependencies = (
				C4E498CB1E3FB1C300E567C6 /* PBXTargetDependency */,
			);
			name = ChallengeTests;
			productName = ChallengeTests;
			productReference = C4E498C91E3FB1C300E567C6 /* ChallengeTests.xctest */;
			productType = "com.apple.product-type.bundle.unit-test";
		};
		C4E498D31E3FB1C300E567C6 /* ChallengeUITests */ = {
			isa = PBXNativeTarget;
			buildConfigurationList = C4E498E31E3FB1C300E567C6 /* Build configuration list for PBXNativeTarget "ChallengeUITests" */;
			buildPhases = (
				C4E498D01E3FB1C300E567C6 /* Sources */,
				C4E498D11E3FB1C300E567C6 /* Frameworks */,
				C4E498D21E3FB1C300E567C6 /* Resources */,
			);
			buildRules = (
			);
			dependencies = (
				C4E498D61E3FB1C300E567C6 /* PBXTargetDependency */,
			);
			name = ChallengeUITests;
			productName = ChallengeUITests;
			productReference = C4E498D41E3FB1C300E567C6 /* ChallengeUITests.xctest */;
			productType = "com.apple.product-type.bundle.ui-testing";
		};
/* End PBXNativeTarget section */

/* Begin PBXProject section */
		C4E498AD1E3FB1C300E567C6 /* Project object */ = {
			isa = PBXProject;
			attributes = {
				LastSwiftUpdateCheck = 0820;
				LastUpgradeCheck = 0820;
				ORGANIZATIONNAME = "Yaroslav Zhurakovskiy";
				TargetAttributes = {
					C4E498B41E3FB1C300E567C6 = {
						CreatedOnToolsVersion = 8.2;
						DevelopmentTeam = FSX848FP3F;
						ProvisioningStyle = Automatic;
					};
					C4E498C81E3FB1C300E567C6 = {
						CreatedOnToolsVersion = 8.2;
						DevelopmentTeam = FSX848FP3F;
						ProvisioningStyle = Automatic;
						TestTargetID = C4E498B41E3FB1C300E567C6;
					};
					C4E498D31E3FB1C300E567C6 = {
						CreatedOnToolsVersion = 8.2;
						DevelopmentTeam = FSX848FP3F;
						ProvisioningStyle = Automatic;
						TestTargetID = C4E498B41E3FB1C300E567C6;
					};
				};
			};
			buildConfigurationList = C4E498B01E3FB1C300E567C6 /* Build configuration list for PBXProject "Challenge" */;
			compatibilityVersion = "Xcode 3.2";
			developmentRegion = English;
			hasScannedForEncodings = 0;
			knownRegions = (
				en,
				Base,
			);
			mainGroup = C4E498AC1E3FB1C300E567C6;
			productRefGroup = C4E498B61E3FB1C300E567C6 /* Products */;
			projectDirPath = "";
			projectRoot = "";
			targets = (
				C4E498B41E3FB1C300E567C6 /* Challenge */,
				C4E498C81E3FB1C300E567C6 /* ChallengeTests */,
				C4E498D31E3FB1C300E567C6 /* ChallengeUITests */,
			);
		};
/* End PBXProject section */

/* Begin PBXResourcesBuildPhase section */
		C4E498B31E3FB1C300E567C6 /* Resources */ = {
			isa = PBXResourcesBuildPhase;
			buildActionMask = 2147483647;
			files = (
				C4E498C31E3FB1C300E567C6 /* LaunchScreen.storyboard in Resources */,
				C4E498C01E3FB1C300E567C6 /* Assets.xcassets in Resources */,
				C4E499041E3FB89000E567C6 /* PlaceCell.xib in Resources */,
				C4E4990B1E3FBB1100E567C6 /* ListController.xib in Resources */,
			);
			runOnlyForDeploymentPostprocessing = 0;
		};
		C4E498C71E3FB1C300E567C6 /* Resources */ = {
			isa = PBXResourcesBuildPhase;
			buildActionMask = 2147483647;
			files = (
			);
			runOnlyForDeploymentPostprocessing = 0;
		};
		C4E498D21E3FB1C300E567C6 /* Resources */ = {
			isa = PBXResourcesBuildPhase;
			buildActionMask = 2147483647;
			files = (
			);
			runOnlyForDeploymentPostprocessing = 0;
		};
/* End PBXResourcesBuildPhase section */

/* Begin PBXSourcesBuildPhase section */
		C4E498B11E3FB1C300E567C6 /* Sources */ = {
			isa = PBXSourcesBuildPhase;
			buildActionMask = 2147483647;
			files = (
				C4E4990D1E3FBD7600E567C6 /* ListPresenter.swift in Sources */,
				C4E499091E3FBA4200E567C6 /* Result.swift in Sources */,
				C4E498F81E3FB72700E567C6 /* ListView.swift in Sources */,
				C4E498FD1E3FB73100E567C6 /* PlaceService.swift in Sources */,
				C4E4990F1E3FC56200E567C6 /* ListRouter.swift in Sources */,
				C4E499031E3FB89000E567C6 /* PlaceCell.swift in Sources */,
				C4E498B91E3FB1C300E567C6 /* AppDelegate.swift in Sources */,
				C4E498F91E3FB72700E567C6 /* PlaceViewModel.swift in Sources */,
				C4E498FC1E3FB73100E567C6 /* Place.swift in Sources */,
				C4E499071E3FB94700E567C6 /* FakePlaceService.swift in Sources */,
				C4E498FF1E3FB75400E567C6 /* ListController.swift in Sources */,
			);
			runOnlyForDeploymentPostprocessing = 0;
		};
		C4E498C51E3FB1C300E567C6 /* Sources */ = {
			isa = PBXSourcesBuildPhase;
			buildActionMask = 2147483647;
			files = (
				C4E498CE1E3FB1C300E567C6 /* ChallengeTests.swift in Sources */,
			);
			runOnlyForDeploymentPostprocessing = 0;
		};
		C4E498D01E3FB1C300E567C6 /* Sources */ = {
			isa = PBXSourcesBuildPhase;
			buildActionMask = 2147483647;
			files = (
				C4E498D91E3FB1C300E567C6 /* ChallengeUITests.swift in Sources */,
			);
			runOnlyForDeploymentPostprocessing = 0;
		};
/* End PBXSourcesBuildPhase section */

/* Begin PBXTargetDependency section */
		C4E498CB1E3FB1C300E567C6 /* PBXTargetDependency */ = {
			isa = PBXTargetDependency;
			target = C4E498B41E3FB1C300E567C6 /* Challenge */;
			targetProxy = C4E498CA1E3FB1C300E567C6 /* PBXContainerItemProxy */;
		};
		C4E498D61E3FB1C300E567C6 /* PBXTargetDependency */ = {
			isa = PBXTargetDependency;
			target = C4E498B41E3FB1C300E567C6 /* Challenge */;
			targetProxy = C4E498D51E3FB1C300E567C6 /* PBXContainerItemProxy */;
		};
/* End PBXTargetDependency section */

/* Begin PBXVariantGroup section */
		C4E498C11E3FB1C300E567C6 /* LaunchScreen.storyboard */ = {
			isa = PBXVariantGroup;
			children = (
				C4E498C21E3FB1C300E567C6 /* Base */,
			);
			name = LaunchScreen.storyboard;
			sourceTree = "<group>";
		};
/* End PBXVariantGroup section */

/* Begin XCBuildConfiguration section */
		C4E498DB1E3FB1C300E567C6 /* Debug */ = {
			isa = XCBuildConfiguration;
			buildSettings = {
				ALWAYS_SEARCH_USER_PATHS = NO;
				CLANG_ANALYZER_NONNULL = YES;
				CLANG_CXX_LANGUAGE_STANDARD = "gnu++0x";
				CLANG_CXX_LIBRARY = "libc++";
				CLANG_ENABLE_MODULES = YES;
				CLANG_ENABLE_OBJC_ARC = YES;
				CLANG_WARN_BOOL_CONVERSION = YES;
				CLANG_WARN_CONSTANT_CONVERSION = YES;
				CLANG_WARN_DIRECT_OBJC_ISA_USAGE = YES_ERROR;
				CLANG_WARN_DOCUMENTATION_COMMENTS = YES;
				CLANG_WARN_EMPTY_BODY = YES;
				CLANG_WARN_ENUM_CONVERSION = YES;
				CLANG_WARN_INFINITE_RECURSION = YES;
				CLANG_WARN_INT_CONVERSION = YES;
				CLANG_WARN_OBJC_ROOT_CLASS = YES_ERROR;
				CLANG_WARN_SUSPICIOUS_MOVE = YES;
				CLANG_WARN_UNREACHABLE_CODE = YES;
				CLANG_WARN__DUPLICATE_METHOD_MATCH = YES;
				"CODE_SIGN_IDENTITY[sdk=iphoneos*]" = "iPhone Developer";
				COPY_PHASE_STRIP = NO;
				DEBUG_INFORMATION_FORMAT = dwarf;
				ENABLE_STRICT_OBJC_MSGSEND = YES;
				ENABLE_TESTABILITY = YES;
				GCC_C_LANGUAGE_STANDARD = gnu99;
				GCC_DYNAMIC_NO_PIC = NO;
				GCC_NO_COMMON_BLOCKS = YES;
				GCC_OPTIMIZATION_LEVEL = 0;
				GCC_PREPROCESSOR_DEFINITIONS = (
					"DEBUG=1",
					"$(inherited)",
				);
				GCC_WARN_64_TO_32_BIT_CONVERSION = YES;
				GCC_WARN_ABOUT_RETURN_TYPE = YES_ERROR;
				GCC_WARN_UNDECLARED_SELECTOR = YES;
				GCC_WARN_UNINITIALIZED_AUTOS = YES_AGGRESSIVE;
				GCC_WARN_UNUSED_FUNCTION = YES;
				GCC_WARN_UNUSED_VARIABLE = YES;
				IPHONEOS_DEPLOYMENT_TARGET = 10.2;
				MTL_ENABLE_DEBUG_INFO = YES;
				ONLY_ACTIVE_ARCH = YES;
				SDKROOT = iphoneos;
				SWIFT_ACTIVE_COMPILATION_CONDITIONS = DEBUG;
				SWIFT_OPTIMIZATION_LEVEL = "-Onone";
				TARGETED_DEVICE_FAMILY = "1,2";
			};
			name = Debug;
		};
		C4E498DC1E3FB1C300E567C6 /* Release */ = {
			isa = XCBuildConfiguration;
			buildSettings = {
				ALWAYS_SEARCH_USER_PATHS = NO;
				CLANG_ANALYZER_NONNULL = YES;
				CLANG_CXX_LANGUAGE_STANDARD = "gnu++0x";
				CLANG_CXX_LIBRARY = "libc++";
				CLANG_ENABLE_MODULES = YES;
				CLANG_ENABLE_OBJC_ARC = YES;
				CLANG_WARN_BOOL_CONVERSION = YES;
				CLANG_WARN_CONSTANT_CONVERSION = YES;
				CLANG_WARN_DIRECT_OBJC_ISA_USAGE = YES_ERROR;
				CLANG_WARN_DOCUMENTATION_COMMENTS = YES;
				CLANG_WARN_EMPTY_BODY = YES;
				CLANG_WARN_ENUM_CONVERSION = YES;
				CLANG_WARN_INFINITE_RECURSION = YES;
				CLANG_WARN_INT_CONVERSION = YES;
				CLANG_WARN_OBJC_ROOT_CLASS = YES_ERROR;
				CLANG_WARN_SUSPICIOUS_MOVE = YES;
				CLANG_WARN_UNREACHABLE_CODE = YES;
				CLANG_WARN__DUPLICATE_METHOD_MATCH = YES;
				"CODE_SIGN_IDENTITY[sdk=iphoneos*]" = "iPhone Developer";
				COPY_PHASE_STRIP = NO;
				DEBUG_INFORMATION_FORMAT = "dwarf-with-dsym";
				ENABLE_NS_ASSERTIONS = NO;
				ENABLE_STRICT_OBJC_MSGSEND = YES;
				GCC_C_LANGUAGE_STANDARD = gnu99;
				GCC_NO_COMMON_BLOCKS = YES;
				GCC_WARN_64_TO_32_BIT_CONVERSION = YES;
				GCC_WARN_ABOUT_RETURN_TYPE = YES_ERROR;
				GCC_WARN_UNDECLARED_SELECTOR = YES;
				GCC_WARN_UNINITIALIZED_AUTOS = YES_AGGRESSIVE;
				GCC_WARN_UNUSED_FUNCTION = YES;
				GCC_WARN_UNUSED_VARIABLE = YES;
				IPHONEOS_DEPLOYMENT_TARGET = 10.2;
				MTL_ENABLE_DEBUG_INFO = NO;
				SDKROOT = iphoneos;
				SWIFT_OPTIMIZATION_LEVEL = "-Owholemodule";
				TARGETED_DEVICE_FAMILY = "1,2";
				VALIDATE_PRODUCT = YES;
			};
			name = Release;
		};
		C4E498DE1E3FB1C300E567C6 /* Debug */ = {
			isa = XCBuildConfiguration;
			buildSettings = {
				ASSETCATALOG_COMPILER_APPICON_NAME = AppIcon;
				DEVELOPMENT_TEAM = FSX848FP3F;
				INFOPLIST_FILE = Challenge/Info.plist;
				LD_RUNPATH_SEARCH_PATHS = "$(inherited) @executable_path/Frameworks";
				PRODUCT_BUNDLE_IDENTIFIER = com.bwitconsulting.Challenge;
				PRODUCT_NAME = "$(TARGET_NAME)";
				SWIFT_VERSION = 3.0;
			};
			name = Debug;
		};
		C4E498DF1E3FB1C300E567C6 /* Release */ = {
			isa = XCBuildConfiguration;
			buildSettings = {
				ASSETCATALOG_COMPILER_APPICON_NAME = AppIcon;
				DEVELOPMENT_TEAM = FSX848FP3F;
				INFOPLIST_FILE = Challenge/Info.plist;
				LD_RUNPATH_SEARCH_PATHS = "$(inherited) @executable_path/Frameworks";
				PRODUCT_BUNDLE_IDENTIFIER = com.bwitconsulting.Challenge;
				PRODUCT_NAME = "$(TARGET_NAME)";
				SWIFT_VERSION = 3.0;
			};
			name = Release;
		};
		C4E498E11E3FB1C300E567C6 /* Debug */ = {
			isa = XCBuildConfiguration;
			buildSettings = {
				ALWAYS_EMBED_SWIFT_STANDARD_LIBRARIES = YES;
				BUNDLE_LOADER = "$(TEST_HOST)";
				DEVELOPMENT_TEAM = FSX848FP3F;
				INFOPLIST_FILE = ChallengeTests/Info.plist;
				LD_RUNPATH_SEARCH_PATHS = "$(inherited) @executable_path/Frameworks @loader_path/Frameworks";
				PRODUCT_BUNDLE_IDENTIFIER = com.bwitconsulting.ChallengeTests;
				PRODUCT_NAME = "$(TARGET_NAME)";
				SWIFT_VERSION = 3.0;
				TEST_HOST = "$(BUILT_PRODUCTS_DIR)/Challenge.app/Challenge";
			};
			name = Debug;
		};
		C4E498E21E3FB1C300E567C6 /* Release */ = {
			isa = XCBuildConfiguration;
			buildSettings = {
				ALWAYS_EMBED_SWIFT_STANDARD_LIBRARIES = YES;
				BUNDLE_LOADER = "$(TEST_HOST)";
				DEVELOPMENT_TEAM = FSX848FP3F;
				INFOPLIST_FILE = ChallengeTests/Info.plist;
				LD_RUNPATH_SEARCH_PATHS = "$(inherited) @executable_path/Frameworks @loader_path/Frameworks";
				PRODUCT_BUNDLE_IDENTIFIER = com.bwitconsulting.ChallengeTests;
				PRODUCT_NAME = "$(TARGET_NAME)";
				SWIFT_VERSION = 3.0;
				TEST_HOST = "$(BUILT_PRODUCTS_DIR)/Challenge.app/Challenge";
			};
			name = Release;
		};
		C4E498E41E3FB1C300E567C6 /* Debug */ = {
			isa = XCBuildConfiguration;
			buildSettings = {
				ALWAYS_EMBED_SWIFT_STANDARD_LIBRARIES = YES;
				DEVELOPMENT_TEAM = FSX848FP3F;
				INFOPLIST_FILE = ChallengeUITests/Info.plist;
				LD_RUNPATH_SEARCH_PATHS = "$(inherited) @executable_path/Frameworks @loader_path/Frameworks";
				PRODUCT_BUNDLE_IDENTIFIER = com.bwitconsulting.ChallengeUITests;
				PRODUCT_NAME = "$(TARGET_NAME)";
				SWIFT_VERSION = 3.0;
				TEST_TARGET_NAME = Challenge;
			};
			name = Debug;
		};
		C4E498E51E3FB1C300E567C6 /* Release */ = {
			isa = XCBuildConfiguration;
			buildSettings = {
				ALWAYS_EMBED_SWIFT_STANDARD_LIBRARIES = YES;
				DEVELOPMENT_TEAM = FSX848FP3F;
				INFOPLIST_FILE = ChallengeUITests/Info.plist;
				LD_RUNPATH_SEARCH_PATHS = "$(inherited) @executable_path/Frameworks @loader_path/Frameworks";
				PRODUCT_BUNDLE_IDENTIFIER = com.bwitconsulting.ChallengeUITests;
				PRODUCT_NAME = "$(TARGET_NAME)";
				SWIFT_VERSION = 3.0;
				TEST_TARGET_NAME = Challenge;
			};
			name = Release;
		};
/* End XCBuildConfiguration section */

/* Begin XCConfigurationList section */
		C4E498B01E3FB1C300E567C6 /* Build configuration list for PBXProject "Challenge" */ = {
			isa = XCConfigurationList;
			buildConfigurations = (
				C4E498DB1E3FB1C300E567C6 /* Debug */,
				C4E498DC1E3FB1C300E567C6 /* Release */,
			);
			defaultConfigurationIsVisible = 0;
			defaultConfigurationName = Release;
		};
		C4E498DD1E3FB1C300E567C6 /* Build configuration list for PBXNativeTarget "Challenge" */ = {
			isa = XCConfigurationList;
			buildConfigurations = (
				C4E498DE1E3FB1C300E567C6 /* Debug */,
				C4E498DF1E3FB1C300E567C6 /* Release */,
			);
			defaultConfigurationIsVisible = 0;
		};
		C4E498E01E3FB1C300E567C6 /* Build configuration list for PBXNativeTarget "ChallengeTests" */ = {
			isa = XCConfigurationList;
			buildConfigurations = (
				C4E498E11E3FB1C300E567C6 /* Debug */,
				C4E498E21E3FB1C300E567C6 /* Release */,
			);
			defaultConfigurationIsVisible = 0;
		};
		C4E498E31E3FB1C300E567C6 /* Build configuration list for PBXNativeTarget "ChallengeUITests" */ = {
			isa = XCConfigurationList;
			buildConfigurations = (
				C4E498E41E3FB1C300E567C6 /* Debug */,
				C4E498E51E3FB1C300E567C6 /* Release */,
			);
			defaultConfigurationIsVisible = 0;
		};
/* End XCConfigurationList section */
	};
	rootObject = C4E498AD1E3FB1C300E567C6 /* Project object */;
}
